hash: 95d20e234d3edb0c24ee501952702ad3ff76024f712e1629983243b427e595cb
updated: 2017-06-11T00:42:27.690279009+07:00
imports:
- name: github.com/dgrijalva/jwt-go
  version: d2709f9f1f31ebcda9651b03077758c1f3a0018c
- name: github.com/gorilla/context
  version: 08b5f424b9271eedf6f9f0ce86cb9396ed337a42
- name: github.com/gorilla/mux
  version: bcd8bc72b08df0f70df986b97f95590779502d31
- name: github.com/joho/godotenv
  version: 726cc8b906e3d31c70a9671c90a13716a8d3f50d
- name: github.com/wuriyanto48/go-json-message
  version: c71b1695450a6b7b200678ebaeb32be325bd10dd
  subpackages:
  - response
testImports: []
